
Microsoft Visual Studio Solution File, Format Version 12.00
# Visual Studio Version 17
VisualStudioVersion = 17.3.32901.215
MinimumVisualStudioVersion = 10.0.40219.1
Project("{9A19103F-16F7-4668-BE54-9A1E7A4F7556}") = "JeuxPoker", "JeuxPoker\JeuxPoker.csproj", "{A35E6121-73A6-4992-86C8-208366A38B90}"
EndProject
Project("{FAE04EC0-301F-11D3-BF4B-00C04F79EFBC}") = "TestProject2", "TestProject2\TestProject2.csproj", "{D9CFB511-5872-43B0-A5B5-55A7D7D34874}"
EndProject
Global
	GlobalSection(SolutionConfigurationPlatforms) = preSolution
		Debug|Any CPU = Debug|Any CPU
		Release|Any CPU = Release|Any CPU
	EndGlobalSection
	GlobalSection(ProjectConfigurationPlatforms) = postSolution
		{A35E6121-73A6-4992-86C8-208366A38B90}.Debug|Any CPU.ActiveCfg = Debug|Any CPU
		{A35E6121-73A6-4992-86C8-208366A38B90}.Debug|Any CPU.Build.0 = Debug|Any CPU
		{A35E6121-73A6-4992-86C8-208366A38B90}.Release|Any CPU.ActiveCfg = Release|Any CPU
		{A35E6121-73A6-4992-86C8-208366A38B90}.Release|Any CPU.Build.0 = Release|Any CPU
		{D9CFB511-5872-43B0-A5B5-55A7D7D34874}.Debug|Any CPU.ActiveCfg = Debug|Any CPU
		{D9CFB511-5872-43B0-A5B5-55A7D7D34874}.Debug|Any CPU.Build.0 = Debug|Any CPU
		{D9CFB511-5872-43B0-A5B5-55A7D7D34874}.Release|Any CPU.ActiveCfg = Release|Any CPU
		{D9CFB511-5872-43B0-A5B5-55A7D7D34874}.Release|Any CPU.Build.0 = Release|Any CPU
	EndGlobalSection
	GlobalSection(SolutionProperties) = preSolution
		HideSolutionNode = FALSE
	EndGlobalSection
	GlobalSection(ExtensibilityGlobals) = postSolution
		SolutionGuid = {8F8947D8-EEFC-428A-B3C2-25DAA1C09686}
	EndGlobalSection
EndGlobal
